
Microsoft Visual Studio Solution File, Format Version 12.00
# Visual Studio Version 16
VisualStudioVersion = 16.0.32630.194
MinimumVisualStudioVersion = 10.0.40219.1
Project("{FAE04EC0-301F-11D3-BF4B-00C04F79EFBC}") = "TriggerfishCodingChallenge", "TriggerfishCodingChallenge\TriggerfishCodingChallenge.csproj", "{44C7C301-C5BD-4DCF-A66D-7F16FCC132D7}"
EndProject
Global
	GlobalSection(SolutionConfigurationPlatforms) = preSolution
		Debug|Any CPU = Debug|Any CPU
		Release|Any CPU = Release|Any CPU
	EndGlobalSection
	GlobalSection(ProjectConfigurationPlatforms) = postSolution
		{44C7C301-C5BD-4DCF-A66D-7F16FCC132D7}.Debug|Any CPU.ActiveCfg = Debug|Any CPU
		{44C7C301-C5BD-4DCF-A66D-7F16FCC132D7}.Debug|Any CPU.Build.0 = Debug|Any CPU
		{44C7C301-C5BD-4DCF-A66D-7F16FCC132D7}.Release|Any CPU.ActiveCfg = Release|Any CPU
		{44C7C301-C5BD-4DCF-A66D-7F16FCC132D7}.Release|Any CPU.Build.0 = Release|Any CPU
	EndGlobalSection
	GlobalSection(SolutionProperties) = preSolution
		HideSolutionNode = FALSE
	EndGlobalSection
	GlobalSection(ExtensibilityGlobals) = postSolution
		SolutionGuid = {2D8B4C18-804D-4ED6-A8B7-A600FFDBB9CC}
	EndGlobalSection
EndGlobal
